
Microsoft Visual Studio Solution File, Format Version 12.00
# Visual Studio Version 17
VisualStudioVersion = 17.8.34322.80
MinimumVisualStudioVersion = 10.0.40219.1
Project("{FAE04EC0-301F-11D3-BF4B-00C04F79EFBC}") = "P-Puente", "P-Puente\P-Puente.csproj", "{AFA46348-49EC-41D8-B6C6-5F28BC57EB18}"
EndProject
Global
	GlobalSection(SolutionConfigurationPlatforms) = preSolution
		Debug|Any CPU = Debug|Any CPU
		Release|Any CPU = Release|Any CPU
	EndGlobalSection
	GlobalSection(ProjectConfigurationPlatforms) = postSolution
		{AFA46348-49EC-41D8-B6C6-5F28BC57EB18}.Debug|Any CPU.ActiveCfg = Debug|Any CPU
		{AFA46348-49EC-41D8-B6C6-5F28BC57EB18}.Debug|Any CPU.Build.0 = Debug|Any CPU
		{AFA46348-49EC-41D8-B6C6-5F28BC57EB18}.Release|Any CPU.ActiveCfg = Release|Any CPU
		{AFA46348-49EC-41D8-B6C6-5F28BC57EB18}.Release|Any CPU.Build.0 = Release|Any CPU
	EndGlobalSection
	GlobalSection(SolutionProperties) = preSolution
		HideSolutionNode = FALSE
	EndGlobalSection
	GlobalSection(ExtensibilityGlobals) = postSolution
		SolutionGuid = {78172DEB-072B-409D-8926-DFD2D1E67F7E}
	EndGlobalSection
EndGlobal
